PODS:
  - LibTorch (1.10.0):
    - LibTorch/Core (= 1.10.0)
  - LibTorch/Core (1.10.0):
    - LibTorch/Torch
  - LibTorch/Torch (1.10.0)
  - OpenCV (4.3.0)

DEPENDENCIES:
  - LibTorch
  - OpenCV

SPEC REPOS:
  trunk:
    - LibTorch
    - OpenCV

SPEC CHECKSUMS:
  LibTorch: 0eeffb238d9c1bafab350353d19dc3c8d5c7442f
  OpenCV: 681e0451c1e54c5930a8922277f817ed5d5ab459

PODFILE CHECKSUM: 9ad9b73162b241b502dcea8b8beb85437c5b207e

COCOAPODS: 1.10.0
