PODS:
  - LibTorch (2.1.0):
    - LibTorch/Core (= 2.1.0)
  - LibTorch/Core (2.1.0):
    - LibTorch/Torch
  - LibTorch/Torch (2.1.0)
  - OpenCV (4.3.0)

DEPENDENCIES:
  - LibTorch
  - OpenCV

SPEC REPOS:
  trunk:
    - LibTorch
    - OpenCV

SPEC CHECKSUMS:
  LibTorch: cad2028d9a4daedf1a43f1ea269bc9a3741ce7b0
  OpenCV: 681e0451c1e54c5930a8922277f817ed5d5ab459

PODFILE CHECKSUM: 9ad9b73162b241b502dcea8b8beb85437c5b207e

COCOAPODS: 1.16.2
